
Microsoft Visual Studio Solution File, Format Version 12.00
# Visual Studio Version 16
VisualStudioVersion = 16.0.31702.278
MinimumVisualStudioVersion = 10.0.40219.1
Project("{FAE04EC0-301F-11D3-BF4B-00C04F79EFBC}") = "AutoRep", "AutoRep\AutoRep.csproj", "{345C6B07-D7EB-4BFD-91A6-881FCA3234D0}"
EndProject
Global
	GlobalSection(SolutionConfigurationPlatforms) = preSolution
		Debug|Any CPU = Debug|Any CPU
		Release|Any CPU = Release|Any CPU
	EndGlobalSection
	GlobalSection(ProjectConfigurationPlatforms) = postSolution
		{345C6B07-D7EB-4BFD-91A6-881FCA3234D0}.Debug|Any CPU.ActiveCfg = Debug|Any CPU
		{345C6B07-D7EB-4BFD-91A6-881FCA3234D0}.Debug|Any CPU.Build.0 = Debug|Any CPU
		{345C6B07-D7EB-4BFD-91A6-881FCA3234D0}.Release|Any CPU.ActiveCfg = Release|Any CPU
		{345C6B07-D7EB-4BFD-91A6-881FCA3234D0}.Release|Any CPU.Build.0 = Release|Any CPU
	EndGlobalSection
	GlobalSection(SolutionProperties) = preSolution
		HideSolutionNode = FALSE
	EndGlobalSection
	GlobalSection(ExtensibilityGlobals) = postSolution
		SolutionGuid = {6C5A848E-4A1E-457C-B7D3-EE64B5307787}
	EndGlobalSection
EndGlobal
